// !$*UTF8*$!
{
	archiveVersion = 1;
	classes = {
	};
	objectVersion = 46;
	objects = {

/* Begin PBXBuildFile section */
		33EEECE51D440981005E1789 /* AppDelegate.swift in Sources */ = {isa = PBXBuildFile; fileRef = 33EEECE41D440981005E1789 /* AppDelegate.swift */; };
		33EEECE71D440981005E1789 /* ViewController.swift in Sources */ = {isa = PBXBuildFile; fileRef = 33EEECE61D440981005E1789 /* ViewController.swift */; };
		33EEECEA1D440981005E1789 /* Main.storyboard in Resources */ = {isa = PBXBuildFile; fileRef = 33EEECE81D440981005E1789 /* Main.storyboard */; };
		33EEECEC1D440981005E1789 /* Assets.xcassets in Resources */ = {isa = PBXBuildFile; fileRef = 33EEECEB1D440981005E1789 /* Assets.xcassets */; };
		33EEECEF1D440981005E1789 /* LaunchScreen.storyboard in Resources */ = {isa = PBXBuildFile; fileRef = 33EEECED1D440981005E1789 /* LaunchScreen.storyboard */; };
		33EEECF81D4409BF005E1789 /* GroceryAppModel.xcdatamodeld in Sources */ = {isa = PBXBuildFile; fileRef = 33EEECF61D4409BF005E1789 /* GroceryAppModel.xcdatamodeld */; };
		33EEECFE1D440DF9005E1789 /* GroceryTableViewController.swift in Sources */ = {isa = PBXBuildFile; fileRef = 33EEECFD1D440DF9005E1789 /* GroceryTableViewController.swift */; };
		33EEED001D440F55005E1789 /* GroceryCateAdderViewController.swift in Sources */ = {isa = PBXBuildFile; fileRef = 33EEECFF1D440F55005E1789 /* GroceryCateAdderViewController.swift */; };
		33EEED031D44163B005E1789 /* CoreDataManager.swift in Sources */ = {isa = PBXBuildFile; fileRef = 33EEED021D44163B005E1789 /* CoreDataManager.swift */; };
		33EEED051D441A0C005E1789 /* GroceryItemsTableViewController.swift in Sources */ = {isa = PBXBuildFile; fileRef = 33EEED041D441A0C005E1789 /* GroceryItemsTableViewController.swift */; };
/* End PBXBuildFile section */

/* Begin PBXFileReference section */
		33EEECE11D440980005E1789 /* GroceryAppCoreData.app */ = {isa = PBXFileReference; explicitFileType = wrapper.application; includeInIndex = 0; path = GroceryAppCoreData.app; sourceTree = BUILT_PRODUCTS_DIR; };
		33EEECE41D440981005E1789 /* AppDelegate.swift */ = {isa = PBXFileReference; lastKnownFileType = sourcecode.swift; path = AppDelegate.swift; sourceTree = "<group>"; };
		33EEECE61D440981005E1789 /* ViewController.swift */ = {isa = PBXFileReference; lastKnownFileType = sourcecode.swift; path = ViewController.swift; sourceTree = "<group>"; };
		33EEECE91D440981005E1789 /* Base */ = {isa = PBXFileReference; lastKnownFileType = file.storyboard; name = Base; path = Base.lproj/Main.storyboard; sourceTree = "<group>"; };
		33EEECEB1D440981005E1789 /* Assets.xcassets */ = {isa = PBXFileReference; lastKnownFileType = folder.assetcatalog; path = Assets.xcassets; sourceTree = "<group>"; };
		33EEECEE1D440981005E1789 /* Base */ = {isa = PBXFileReference; lastKnownFileType = file.storyboard; name = Base; path = Base.lproj/LaunchScreen.storyboard; sourceTree = "<group>"; };
		33EEECF01D440981005E1789 /* Info.plist */ = {isa = PBXFileReference; lastKnownFileType = text.plist.xml; path = Info.plist; sourceTree = "<group>"; };
		33EEECF71D4409BF005E1789 /* GroceryAppModel.xcdatamodel */ = {isa = PBXFileReference; lastKnownFileType = wrapper.xcdatamodel; path = GroceryAppModel.xcdatamodel; sourceTree = "<group>"; };
		33EEECF91D440B94005E1789 /* GroceryAppModel 2.xcdatamodel */ = {isa = PBXFileReference; lastKnownFileType = wrapper.xcdatamodel; path = "GroceryAppModel 2.xcdatamodel"; sourceTree = "<group>"; };
		33EEECFD1D440DF9005E1789 /* GroceryTableViewController.swift */ = {isa = PBXFileReference; fileEncoding = 4; lastKnownFileType = sourcecode.swift; path = GroceryTableViewController.swift; sourceTree = "<group>"; };
		33EEECFF1D440F55005E1789 /* GroceryCateAdderViewController.swift */ = {isa = PBXFileReference; fileEncoding = 4; lastKnownFileType = sourcecode.swift; path = GroceryCateAdderViewController.swift; sourceTree = "<group>"; };
		33EEED011D4411BC005E1789 /* GroceryAppModel 3.xcdatamodel */ = {isa = PBXFileReference; lastKnownFileType = wrapper.xcdatamodel; path = "GroceryAppModel 3.xcdatamodel"; sourceTree = "<group>"; };
		33EEED021D44163B005E1789 /* CoreDataManager.swift */ = {isa = PBXFileReference; fileEncoding = 4; lastKnownFileType = sourcecode.swift; path = CoreDataManager.swift; sourceTree = "<group>"; };
		33EEED041D441A0C005E1789 /* GroceryItemsTableViewController.swift */ = {isa = PBXFileReference; fileEncoding = 4; lastKnownFileType = sourcecode.swift; path = GroceryItemsTableViewController.swift; sourceTree = "<group>"; };
/* End PBXFileReference section */

/* Begin PBXFrameworksBuildPhase section */
		33EEECDE1D440980005E1789 /* Frameworks */ = {
			isa = PBXFrameworksBuildPhase;
			buildActionMask = 2147483647;
			files = (
			);
			runOnlyForDeploymentPostprocessing = 0;
		};
/* End PBXFrameworksBuildPhase section */

/* Begin PBXGroup section */
		33EEECD81D440980005E1789 = {
			isa = PBXGroup;
			children = (
				33EEECE31D440980005E1789 /* GroceryAppCoreData */,
				33EEECE21D440980005E1789 /* Products */,
			);
			sourceTree = "<group>";
		};
		33EEECE21D440980005E1789 /* Products */ = {
			isa = PBXGroup;
			children = (
				33EEECE11D440980005E1789 /* GroceryAppCoreData.app */,
			);
			name = Products;
			sourceTree = "<group>";
		};
		33EEECE31D440980005E1789 /* GroceryAppCoreData */ = {
			isa = PBXGroup;
			children = (
				33EEECE41D440981005E1789 /* AppDelegate.swift */,
				33EEECE61D440981005E1789 /* ViewController.swift */,
				33EEECE81D440981005E1789 /* Main.storyboard */,
				33EEECEB1D440981005E1789 /* Assets.xcassets */,
				33EEECED1D440981005E1789 /* LaunchScreen.storyboard */,
				33EEECF01D440981005E1789 /* Info.plist */,
				33EEECF61D4409BF005E1789 /* GroceryAppModel.xcdatamodeld */,
				33EEECFD1D440DF9005E1789 /* GroceryTableViewController.swift */,
				33EEECFF1D440F55005E1789 /* GroceryCateAdderViewController.swift */,
				33EEED021D44163B005E1789 /* CoreDataManager.swift */,
				33EEED041D441A0C005E1789 /* GroceryItemsTableViewController.swift */,
			);
			path = GroceryAppCoreData;
			sourceTree = "<group>";
		};
/* End PBXGroup section */

/* Begin PBXNativeTarget section */
		33EEECE01D440980005E1789 /* GroceryAppCoreData */ = {
			isa = PBXNativeTarget;
			buildConfigurationList = 33EEECF31D440981005E1789 /* Build configuration list for PBXNativeTarget "GroceryAppCoreData" */;
			buildPhases = (
				33EEECDD1D440980005E1789 /* Sources */,
				33EEECDE1D440980005E1789 /* Frameworks */,
				33EEECDF1D440980005E1789 /* Resources */,
			);
			buildRules = (
			);
			dependencies = (
			);
			name = GroceryAppCoreData;
			productName = GroceryAppCoreData;
			productReference = 33EEECE11D440980005E1789 /* GroceryAppCoreData.app */;
			productType = "com.apple.product-type.application";
		};
/* End PBXNativeTarget section */

/* Begin PBXProject section */
		33EEECD91D440980005E1789 /* Project object */ = {
			isa = PBXProject;
			attributes = {
				LastSwiftUpdateCheck = 0730;
				LastUpgradeCheck = 0730;
				ORGANIZATIONNAME = "Bryan Ayllon";
				TargetAttributes = {
					33EEECE01D440980005E1789 = {
						CreatedOnToolsVersion = 7.3.1;
						DevelopmentTeam = HFG6KLKA62;
					};
				};
			};
			buildConfigurationList = 33EEECDC1D440980005E1789 /* Build configuration list for PBXProject "GroceryAppCoreData" */;
			compatibilityVersion = "Xcode 3.2";
			developmentRegion = English;
			hasScannedForEncodings = 0;
			knownRegions = (
				en,
				Base,
			);
			mainGroup = 33EEECD81D440980005E1789;
			productRefGroup = 33EEECE21D440980005E1789 /* Products */;
			projectDirPath = "";
			projectRoot = "";
			targets = (
				33EEECE01D440980005E1789 /* GroceryAppCoreData */,
			);
		};
/* End PBXProject section */

/* Begin PBXResourcesBuildPhase section */
		33EEECDF1D440980005E1789 /* Resources */ = {
			isa = PBXResourcesBuildPhase;
			buildActionMask = 2147483647;
			files = (
				33EEECEF1D440981005E1789 /* LaunchScreen.storyboard in Resources */,
				33EEECEC1D440981005E1789 /* Assets.xcassets in Resources */,
				33EEECEA1D440981005E1789 /* Main.storyboard in Resources */,
			);
			runOnlyForDeploymentPostprocessing = 0;
		};
/* End PBXResourcesBuildPhase section */

/* Begin PBXSourcesBuildPhase section */
		33EEECDD1D440980005E1789 /* Sources */ = {
			isa = PBXSourcesBuildPhase;
			buildActionMask = 2147483647;
			files = (
				33EEED031D44163B005E1789 /* CoreDataManager.swift in Sources */,
				33EEED001D440F55005E1789 /* GroceryCateAdderViewController.swift in Sources */,
				33EEED051D441A0C005E1789 /* GroceryItemsTableViewController.swift in Sources */,
				33EEECE71D440981005E1789 /* ViewController.swift in Sources */,
				33EEECF81D4409BF005E1789 /* GroceryAppModel.xcdatamodeld in Sources */,
				33EEECFE1D440DF9005E1789 /* GroceryTableViewController.swift in Sources */,
				33EEECE51D440981005E1789 /* AppDelegate.swift in Sources */,
			);
			runOnlyForDeploymentPostprocessing = 0;
		};
/* End PBXSourcesBuildPhase section */

/* Begin PBXVariantGroup section */
		33EEECE81D440981005E1789 /* Main.storyboard */ = {
			isa = PBXVariantGroup;
			children = (
				33EEECE91D440981005E1789 /* Base */,
			);
			name = Main.storyboard;
			sourceTree = "<group>";
		};
		33EEECED1D440981005E1789 /* LaunchScreen.storyboard */ = {
			isa = PBXVariantGroup;
			children = (
				33EEECEE1D440981005E1789 /* Base */,
			);
			name = LaunchScreen.storyboard;
			sourceTree = "<group>";
		};
/* End PBXVariantGroup section */

/* Begin XCBuildConfiguration section */
		33EEECF11D440981005E1789 /* Debug */ = {
			isa = XCBuildConfiguration;
			buildSettings = {
				ALWAYS_SEARCH_USER_PATHS = NO;
				CLANG_ANALYZER_NONNULL = YES;
				CLANG_CXX_LANGUAGE_STANDARD = "gnu++0x";
				CLANG_CXX_LIBRARY = "libc++";
				CLANG_ENABLE_MODULES = YES;
				CLANG_ENABLE_OBJC_ARC = YES;
				CLANG_WARN_BOOL_CONVERSION = YES;
				CLANG_WARN_CONSTANT_CONVERSION = YES;
				CLANG_WARN_DIRECT_OBJC_ISA_USAGE = YES_ERROR;
				CLANG_WARN_EMPTY_BODY = YES;
				CLANG_WARN_ENUM_CONVERSION = YES;
				CLANG_WARN_INT_CONVERSION = YES;
				CLANG_WARN_OBJC_ROOT_CLASS = YES_ERROR;
				CLANG_WARN_UNREACHABLE_CODE = YES;
				CLANG_WARN__DUPLICATE_METHOD_MATCH = YES;
				"CODE_SIGN_IDENTITY[sdk=iphoneos*]" = "iPhone Developer";
				COPY_PHASE_STRIP = NO;
				DEBUG_INFORMATION_FORMAT = dwarf;
				ENABLE_STRICT_OBJC_MSGSEND = YES;
				ENABLE_TESTABILITY = YES;
				GCC_C_LANGUAGE_STANDARD = gnu99;
				GCC_DYNAMIC_NO_PIC = NO;
				GCC_NO_COMMON_BLOCKS = YES;
				GCC_OPTIMIZATION_LEVEL = 0;
				GCC_PREPROCESSOR_DEFINITIONS = (
					"DEBUG=1",
					"$(inherited)",
				);
				GCC_WARN_64_TO_32_BIT_CONVERSION = YES;
				GCC_WARN_ABOUT_RETURN_TYPE = YES_ERROR;
				GCC_WARN_UNDECLARED_SELECTOR = YES;
				GCC_WARN_UNINITIALIZED_AUTOS = YES_AGGRESSIVE;
				GCC_WARN_UNUSED_FUNCTION = YES;
				GCC_WARN_UNUSED_VARIABLE = YES;
				IPHONEOS_DEPLOYMENT_TARGET = 9.3;
				MTL_ENABLE_DEBUG_INFO = YES;
				ONLY_ACTIVE_ARCH = YES;
				SDKROOT = iphoneos;
				SWIFT_OPTIMIZATION_LEVEL = "-Onone";
				TARGETED_DEVICE_FAMILY = "1,2";
			};
			name = Debug;
		};
		33EEECF21D440981005E1789 /* Release */ = {
			isa = XCBuildConfiguration;
			buildSettings = {
				ALWAYS_SEARCH_USER_PATHS = NO;
				CLANG_ANALYZER_NONNULL = YES;
				CLANG_CXX_LANGUAGE_STANDARD = "gnu++0x";
				CLANG_CXX_LIBRARY = "libc++";
				CLANG_ENABLE_MODULES = YES;
				CLANG_ENABLE_OBJC_ARC = YES;
				CLANG_WARN_BOOL_CONVERSION = YES;
				CLANG_WARN_CONSTANT_CONVERSION = YES;
				CLANG_WARN_DIRECT_OBJC_ISA_USAGE = YES_ERROR;
				CLANG_WARN_EMPTY_BODY = YES;
				CLANG_WARN_ENUM_CONVERSION = YES;
				CLANG_WARN_INT_CONVERSION = YES;
				CLANG_WARN_OBJC_ROOT_CLASS = YES_ERROR;
				CLANG_WARN_UNREACHABLE_CODE = YES;
				CLANG_WARN__DUPLICATE_METHOD_MATCH = YES;
				"CODE_SIGN_IDENTITY[sdk=iphoneos*]" = "iPhone Developer";
				COPY_PHASE_STRIP = NO;
				DEBUG_INFORMATION_FORMAT = "dwarf-with-dsym";
				ENABLE_NS_ASSERTIONS = NO;
				ENABLE_STRICT_OBJC_MSGSEND = YES;
				GCC_C_LANGUAGE_STANDARD = gnu99;
				GCC_NO_COMMON_BLOCKS = YES;
				GCC_WARN_64_TO_32_BIT_CONVERSION = YES;
				GCC_WARN_ABOUT_RETURN_TYPE = YES_ERROR;
				GCC_WARN_UNDECLARED_SELECTOR = YES;
				GCC_WARN_UNINITIALIZED_AUTOS = YES_AGGRESSIVE;
				GCC_WARN_UNUSED_FUNCTION = YES;
				GCC_WARN_UNUSED_VARIABLE = YES;
				IPHONEOS_DEPLOYMENT_TARGET = 9.3;
				MTL_ENABLE_DEBUG_INFO = NO;
				SDKROOT = iphoneos;
				TARGETED_DEVICE_FAMILY = "1,2";
				VALIDATE_PRODUCT = YES;
			};
			name = Release;
		};
		33EEECF41D440981005E1789 /* Debug */ = {
			isa = XCBuildConfiguration;
			buildSettings = {
				ASSETCATALOG_COMPILER_APPICON_NAME = AppIcon;
				CODE_SIGN_IDENTITY = "iPhone Developer";
				"CODE_SIGN_IDENTITY[sdk=iphoneos*]" = "iPhone Developer";
				INFOPLIST_FILE = GroceryAppCoreData/Info.plist;
				LD_RUNPATH_SEARCH_PATHS = "$(inherited) @executable_path/Frameworks";
				PRODUCT_BUNDLE_IDENTIFIER = com.bemonsterz.GroceryAppCoreData;
				PRODUCT_NAME = "$(TARGET_NAME)";
				PROVISIONING_PROFILE = "";
			};
			name = Debug;
		};
		33EEECF51D440981005E1789 /* Release */ = {
			isa = XCBuildConfiguration;
			buildSettings = {
				ASSETCATALOG_COMPILER_APPICON_NAME = AppIcon;
				CODE_SIGN_IDENTITY = "iPhone Developer";
				"CODE_SIGN_IDENTITY[sdk=iphoneos*]" = "iPhone Developer";
				INFOPLIST_FILE = GroceryAppCoreData/Info.plist;
				LD_RUNPATH_SEARCH_PATHS = "$(inherited) @executable_path/Frameworks";
				PRODUCT_BUNDLE_IDENTIFIER = com.bemonsterz.GroceryAppCoreData;
				PRODUCT_NAME = "$(TARGET_NAME)";
				PROVISIONING_PROFILE = "";
			};
			name = Release;
		};
/* End XCBuildConfiguration section */

/* Begin XCConfigurationList section */
		33EEECDC1D440980005E1789 /* Build configuration list for PBXProject "GroceryAppCoreData" */ = {
			isa = XCConfigurationList;
			buildConfigurations = (
				33EEECF11D440981005E1789 /* Debug */,
				33EEECF21D440981005E1789 /* Release */,
			);
			defaultConfigurationIsVisible = 0;
			defaultConfigurationName = Release;
		};
		33EEECF31D440981005E1789 /* Build configuration list for PBXNativeTarget "GroceryAppCoreData" */ = {
			isa = XCConfigurationList;
			buildConfigurations = (
				33EEECF41D440981005E1789 /* Debug */,
				33EEECF51D440981005E1789 /* Release */,
			);
			defaultConfigurationIsVisible = 0;
		};
/* End XCConfigurationList section */

/* Begin XCVersionGroup section */
		33EEECF61D4409BF005E1789 /* GroceryAppModel.xcdatamodeld */ = {
			isa = XCVersionGroup;
			children = (
				33EEED011D4411BC005E1789 /* GroceryAppModel 3.xcdatamodel */,
				33EEECF91D440B94005E1789 /* GroceryAppModel 2.xcdatamodel */,
				33EEECF71D4409BF005E1789 /* GroceryAppModel.xcdatamodel */,
			);
			currentVersion = 33EEED011D4411BC005E1789 /* GroceryAppModel 3.xcdatamodel */;
			path = GroceryAppModel.xcdatamodeld;
			sourceTree = "<group>";
			versionGroupType = wrapper.xcdatamodel;
		};
/* End XCVersionGroup section */
	};
	rootObject = 33EEECD91D440980005E1789 /* Project object */;
}
